<?xml version="1.0" encoding="utf-8"?>
<Project ToolsVersion="4.0" xmlns="http://schemas.microsoft.com/developer/msbuild/2003">
  <ItemGroup>
    <Filter Include="src">
      <UniqueIdentifier>{3094d463-adf3-47ed-ad6c-644cfede79f8}</UniqueIdentifier>
    </Filter>
  </ItemGroup>
  <ItemGroup>
    <ClCompile Include="..\src\shared\directory_tree.cpp">
      <Filter>src</Filter>
    </ClCompile>
    <ClCompile Include="..\src\shared\exceptionex.cpp">
      <Filter>src</Filter>
    </ClCompile>
    <ClCompile Include="..\src\shared\loghelpers.cpp">
      <Filter>src</Filter>
    </ClCompile>
    <ClCompile Include="..\src\shared\ntdll_declarations.cpp">
      <Filter>src</Filter>
    </ClCompile>
    <ClCompile Include="..\src\shared\shmlogger.cpp">
      <Filter>src</Filter>
    </ClCompile>
    <ClCompile Include="..\src\shared\stringutils.cpp">
      <Filter>src</Filter>
    </ClCompile>
    <ClCompile Include="..\src\shared\test_helpers.cpp">
      <Filter>src</Filter>
    </ClCompile>
    <ClCompile Include="..\src\shared\unicodestring.cpp">
      <Filter>src</Filter>
    </ClCompile>
    <ClCompile Include="..\src\shared\winapi.cpp">
      <Filter>src</Filter>
    </ClCompile>
    <ClCompile Include="..\src\shared\pch.cpp">
      <Filter>src</Filter>
    </ClCompile>
    <ClCompile Include="..\src\shared\stringcast.cpp">
      <Filter>src</Filter>
    </ClCompile>
    <ClCompile Include="..\src\shared\wildcard.cpp">
      <Filter>src</Filter>
    </ClCompile>
  </ItemGroup>
  <ItemGroup>
    <ClInclude Include="..\src\shared\addrtools.h">
      <Filter>src</Filter>
    </ClInclude>
    <ClInclude Include="..\src\shared\directory_tree.h">
      <Filter>src</Filter>
    </ClInclude>
    <ClInclude Include="..\src\shared\exceptionex.h">
      <Filter>src</Filter>
    </ClInclude>
    <ClInclude Include="..\src\shared\loghelpers.h">
      <Filter>src</Filter>
    </ClInclude>
    <ClInclude Include="..\src\shared\ntdll_declarations.h">
      <Filter>src</Filter>
    </ClInclude>
    <ClInclude Include="..\src\shared\shared_memory.h">
      <Filter>src</Filter>
    </ClInclude>
    <ClInclude Include="..\src\shared\shmlogger.h">
      <Filter>src</Filter>
    </ClInclude>
    <ClInclude Include="..\src\shared\stringcast.h">
      <Filter>src</Filter>
    </ClInclude>
    <ClInclude Include="..\src\shared\stringutils.h">
      <Filter>src</Filter>
    </ClInclude>
    <ClInclude Include="..\src\shared\test_helpers.h">
      <Filter>src</Filter>
    </ClInclude>
    <ClInclude Include="..\src\shared\unicodestring.h">
      <Filter>src</Filter>
    </ClInclude>
    <ClInclude Include="..\src\shared\winapi.h">
      <Filter>src</Filter>
    </ClInclude>
    <ClInclude Include="..\src\shared\windows_sane.h">
      <Filter>src</Filter>
    </ClInclude>
    <ClInclude Include="..\src\shared\pch.h">
      <Filter>src</Filter>
    </ClInclude>
    <ClInclude Include="..\src\shared\tree_container.h">
      <Filter>src</Filter>
    </ClInclude>
    <ClInclude Include="..\src\shared\wildcard.h">
      <Filter>src</Filter>
    </ClInclude>
    <ClInclude Include="..\src\shared\formatters.h">
      <Filter>src</Filter>
    </ClInclude>
  </ItemGroup>
</Project>